
Microsoft Visual Studio Solution File, Format Version 12.00
# Visual Studio Version 16
VisualStudioVersion = 16.0.33529.622
MinimumVisualStudioVersion = 10.0.40219.1
Project("{FAE04EC0-301F-11D3-BF4B-00C04F79EFBC}") = "FilmeApiCodeFirst", "FilmeApiCodeFirst\FilmeApiCodeFirst.csproj", "{87423B4D-3007-4531-9AF5-6EFA1D6BACED}"
EndProject
Project("{FAE04EC0-301F-11D3-BF4B-00C04F79EFBC}") = "FilmeApiDatabaseFirst", "FilmeApiDatabaseFirst\FilmeApiDatabaseFirst.csproj", "{2257D7A1-43A5-4EEA-B185-96B660311B13}"
EndProject
Global
	GlobalSection(SolutionConfigurationPlatforms) = preSolution
		Debug|Any CPU = Debug|Any CPU
		Release|Any CPU = Release|Any CPU
	EndGlobalSection
	GlobalSection(ProjectConfigurationPlatforms) = postSolution
		{87423B4D-3007-4531-9AF5-6EFA1D6BACED}.Debug|Any CPU.ActiveCfg = Debug|Any CPU
		{87423B4D-3007-4531-9AF5-6EFA1D6BACED}.Debug|Any CPU.Build.0 = Debug|Any CPU
		{87423B4D-3007-4531-9AF5-6EFA1D6BACED}.Release|Any CPU.ActiveCfg = Release|Any CPU
		{87423B4D-3007-4531-9AF5-6EFA1D6BACED}.Release|Any CPU.Build.0 = Release|Any CPU
		{2257D7A1-43A5-4EEA-B185-96B660311B13}.Debug|Any CPU.ActiveCfg = Debug|Any CPU
		{2257D7A1-43A5-4EEA-B185-96B660311B13}.Debug|Any CPU.Build.0 = Debug|Any CPU
		{2257D7A1-43A5-4EEA-B185-96B660311B13}.Release|Any CPU.ActiveCfg = Release|Any CPU
		{2257D7A1-43A5-4EEA-B185-96B660311B13}.Release|Any CPU.Build.0 = Release|Any CPU
	EndGlobalSection
	GlobalSection(SolutionProperties) = preSolution
		HideSolutionNode = FALSE
	EndGlobalSection
	GlobalSection(ExtensibilityGlobals) = postSolution
		SolutionGuid = {16223024-D079-4D88-8CFB-BA22AB53A5A6}
	EndGlobalSection
EndGlobal
